// !$*UTF8*$!
{
	archiveVersion = 1;
	classes = {
	};
	objectVersion = 46;
	objects = {

/* Begin PBXBuildFile section */
		B516422F193E5D1D00CB358B /* MD5Hasher.m in Sources */ = {isa = PBXBuildFile; fileRef = B516422E193E5D1D00CB358B /* MD5Hasher.m */; };
		B5164232193F5C3D00CB358B /* iris_NewInventoryViewController.m in Sources */ = {isa = PBXBuildFile; fileRef = B5164231193F5C3D00CB358B /* iris_NewInventoryViewController.m */; };
		B5ACD24E1950B93C00BF3508 /* InventoryItem.m in Sources */ = {isa = PBXBuildFile; fileRef = B5ACD24D1950B93C00BF3508 /* InventoryItem.m */; };
		B5AD4F5919361D5000217486 /* iris_InventoryActionsTableViewController.m in Sources */ = {isa = PBXBuildFile; fileRef = B5AD4F5819361D5000217486 /* iris_InventoryActionsTableViewController.m */; };
		B5AD4F5C1936645800217486 /* InventoryDataHandler.m in Sources */ = {isa = PBXBuildFile; fileRef = B5AD4F5B1936645800217486 /* InventoryDataHandler.m */; };
		B5AD4F5F193664B200217486 /* CoreDataHandler.m in Sources */ = {isa = PBXBuildFile; fileRef = B5AD4F5E193664B200217486 /* CoreDataHandler.m */; };
		B5B20B6F1948CA2B00557B90 /* iris_ActionDetailsViewController.m in Sources */ = {isa = PBXBuildFile; fileRef = B5B20B6E1948CA2B00557B90 /* iris_ActionDetailsViewController.m */; };
		B5B20B75194B58D400557B90 /* InventoryAction.m in Sources */ = {isa = PBXBuildFile; fileRef = B5B20B74194B58D400557B90 /* InventoryAction.m */; };
		B5B91EC219100D86008388D5 /* iris_ItemDetailsViewController.m in Sources */ = {isa = PBXBuildFile; fileRef = B5B91EC119100D86008388D5 /* iris_ItemDetailsViewController.m */; };
		B5EB7CE3190952FE004FEDD2 /* Foundation.framework in Frameworks */ = {isa = PBXBuildFile; fileRef = B5EB7CE2190952FE004FEDD2 /* Foundation.framework */; };
		B5EB7CE5190952FE004FEDD2 /* CoreGraphics.framework in Frameworks */ = {isa = PBXBuildFile; fileRef = B5EB7CE4190952FE004FEDD2 /* CoreGraphics.framework */; };
		B5EB7CE7190952FE004FEDD2 /* UIKit.framework in Frameworks */ = {isa = PBXBuildFile; fileRef = B5EB7CE6190952FE004FEDD2 /* UIKit.framework */; };
		B5EB7CE9190952FE004FEDD2 /* CoreData.framework in Frameworks */ = {isa = PBXBuildFile; fileRef = B5EB7CE8190952FE004FEDD2 /* CoreData.framework */; };
		B5EB7CEF190952FE004FEDD2 /* InfoPlist.strings in Resources */ = {isa = PBXBuildFile; fileRef = B5EB7CED190952FE004FEDD2 /* InfoPlist.strings */; };
		B5EB7CF1190952FE004FEDD2 /* main.m in Sources */ = {isa = PBXBuildFile; fileRef = B5EB7CF0190952FE004FEDD2 /* main.m */; };
		B5EB7CF5190952FE004FEDD2 /* iris_AppDelegate.m in Sources */ = {isa = PBXBuildFile; fileRef = B5EB7CF4190952FE004FEDD2 /* iris_AppDelegate.m */; };
		B5EB7CF8190952FE004FEDD2 /* Iris.xcdatamodeld in Sources */ = {isa = PBXBuildFile; fileRef = B5EB7CF6190952FE004FEDD2 /* Iris.xcdatamodeld */; };
		B5EB7CFA190952FE004FEDD2 /* Images.xcassets in Resources */ = {isa = PBXBuildFile; fileRef = B5EB7CF9190952FE004FEDD2 /* Images.xcassets */; };
		B5EB7D01190952FE004FEDD2 /* XCTest.framework in Frameworks */ = {isa = PBXBuildFile; fileRef = B5EB7D00190952FE004FEDD2 /* XCTest.framework */; };
		B5EB7D02190952FE004FEDD2 /* Foundation.framework in Frameworks */ = {isa = PBXBuildFile; fileRef = B5EB7CE2190952FE004FEDD2 /* Foundation.framework */; };
		B5EB7D03190952FE004FEDD2 /* UIKit.framework in Frameworks */ = {isa = PBXBuildFile; fileRef = B5EB7CE6190952FE004FEDD2 /* UIKit.framework */; };
		B5EB7D04190952FE004FEDD2 /* CoreData.framework in Frameworks */ = {isa = PBXBuildFile; fileRef = B5EB7CE8190952FE004FEDD2 /* CoreData.framework */; };
		B5EB7D0C190952FE004FEDD2 /* InfoPlist.strings in Resources */ = {isa = PBXBuildFile; fileRef = B5EB7D0A190952FE004FEDD2 /* InfoPlist.strings */; };
		B5EB7D0E190952FE004FEDD2 /* IrisTests.m in Sources */ = {isa = PBXBuildFile; fileRef = B5EB7D0D190952FE004FEDD2 /* IrisTests.m */; };
		B5EB7D1B1909544B004FEDD2 /* iPad.storyboard in Resources */ = {isa = PBXBuildFile; fileRef = B5EB7D1A1909544B004FEDD2 /* iPad.storyboard */; };
		B5EB7D1D1909545E004FEDD2 /* iPhone.storyboard in Resources */ = {isa = PBXBuildFile; fileRef = B5EB7D1C1909545E004FEDD2 /* iPhone.storyboard */; };
		B5EB7D22190955F8004FEDD2 /* iris_MainViewController.m in Sources */ = {isa = PBXBuildFile; fileRef = B5EB7D21190955F8004FEDD2 /* iris_MainViewController.m */; };
		B5EB7D2E190963CF004FEDD2 /* iris_InventoryTableViewController.m in Sources */ = {isa = PBXBuildFile; fileRef = B5EB7D2D190963CF004FEDD2 /* iris_InventoryTableViewController.m */; };
		D7CC54D8192CE7DC005AFA5D /* Reachability.m in Sources */ = {isa = PBXBuildFile; fileRef = D7CC54D7192CE7DC005AFA5D /* Reachability.m */; };
		D7CC54DC192CE933005AFA5D /* iris_MenuViewController.m in Sources */ = {isa = PBXBuildFile; fileRef = D7CC54DB192CE933005AFA5D /* iris_MenuViewController.m */; };
/* End PBXBuildFile section */

/* Begin PBXContainerItemProxy section */
		B5EB7D05190952FE004FEDD2 /* PBXContainerItemProxy */ = {
			isa = PBXContainerItemProxy;
			containerPortal = B5EB7CD7190952FE004FEDD2 /* Project object */;
			proxyType = 1;
			remoteGlobalIDString = B5EB7CDE190952FE004FEDD2;
			remoteInfo = Iris;
		};
/* End PBXContainerItemProxy section */

/* Begin PBXFileReference section */
		B516421D193E119200CB358B /* libcommonCrypto.dylib */ = {isa = PBXFileReference; lastKnownFileType = "compiled.mach-o.dylib"; name = libcommonCrypto.dylib; path = usr/lib/system/libcommonCrypto.dylib; sourceTree = SDKROOT; };
		B516422B193E175800CB358B /* libcorecrypto.dylib */ = {isa = PBXFileReference; lastKnownFileType = "compiled.mach-o.dylib"; name = libcorecrypto.dylib; path = usr/lib/system/libcorecrypto.dylib; sourceTree = SDKROOT; };
		B516422D193E5D1D00CB358B /* MD5Hasher.h */ = {isa = PBXFileReference; fileEncoding = 4; lastKnownFileType = sourcecode.c.h; path = MD5Hasher.h; sourceTree = "<group>"; };
		B516422E193E5D1D00CB358B /* MD5Hasher.m */ = {isa = PBXFileReference; fileEncoding = 4; lastKnownFileType = sourcecode.c.objc; path = MD5Hasher.m; sourceTree = "<group>"; };
		B5164230193F5C3D00CB358B /* iris_NewInventoryViewController.h */ = {isa = PBXFileReference; fileEncoding = 4; lastKnownFileType = sourcecode.c.h; name = iris_NewInventoryViewController.h; path = Iris/iris_NewInventoryViewController.h; sourceTree = "<group>"; };
		B5164231193F5C3D00CB358B /* iris_NewInventoryViewController.m */ = {isa = PBXFileReference; fileEncoding = 4; lastKnownFileType = sourcecode.c.objc; name = iris_NewInventoryViewController.m; path = Iris/iris_NewInventoryViewController.m; sourceTree = "<group>"; };
		B5ACD24C1950B93C00BF3508 /* InventoryItem.h */ = {isa = PBXFileReference; fileEncoding = 4; lastKnownFileType = sourcecode.c.h; name = InventoryItem.h; path = Iris/InventoryItem.h; sourceTree = "<group>"; };
		B5ACD24D1950B93C00BF3508 /* InventoryItem.m */ = {isa = PBXFileReference; fileEncoding = 4; lastKnownFileType = sourcecode.c.objc; name = InventoryItem.m; path = Iris/InventoryItem.m; sourceTree = "<group>"; };
		B5AD4F5719361D5000217486 /* iris_InventoryActionsTableViewController.h */ = {isa = PBXFileReference; fileEncoding = 4; lastKnownFileType = sourcecode.c.h; name = iris_InventoryActionsTableViewController.h; path = Iris/iris_InventoryActionsTableViewController.h; sourceTree = "<group>"; };
		B5AD4F5819361D5000217486 /* iris_InventoryActionsTableViewController.m */ = {isa = PBXFileReference; fileEncoding = 4; lastKnownFileType = sourcecode.c.objc; name = iris_InventoryActionsTableViewController.m; path = Iris/iris_InventoryActionsTableViewController.m; sourceTree = "<group>"; };
		B5AD4F5A1936645800217486 /* InventoryDataHandler.h */ = {isa = PBXFileReference; fileEncoding = 4; lastKnownFileType = sourcecode.c.h; name = InventoryDataHandler.h; path = Iris/InventoryDataHandler.h; sourceTree = "<group>"; };
		B5AD4F5B1936645800217486 /* InventoryDataHandler.m */ = {isa = PBXFileReference; fileEncoding = 4; lastKnownFileType = sourcecode.c.objc; name = InventoryDataHandler.m; path = Iris/InventoryDataHandler.m; sourceTree = "<group>"; };
		B5AD4F5D193664B200217486 /* CoreDataHandler.h */ = {isa = PBXFileReference; fileEncoding = 4; lastKnownFileType = sourcecode.c.h; name = CoreDataHandler.h; path = Iris/CoreDataHandler.h; sourceTree = "<group>"; };
		B5AD4F5E193664B200217486 /* CoreDataHandler.m */ = {isa = PBXFileReference; fileEncoding = 4; lastKnownFileType = sourcecode.c.objc; name = CoreDataHandler.m; path = Iris/CoreDataHandler.m; sourceTree = "<group>"; };
		B5B20B6D1948CA2B00557B90 /* iris_ActionDetailsViewController.h */ = {isa = PBXFileReference; fileEncoding = 4; lastKnownFileType = sourcecode.c.h; name = iris_ActionDetailsViewController.h; path = Iris/iris_ActionDetailsViewController.h; sourceTree = "<group>"; };
		B5B20B6E1948CA2B00557B90 /* iris_ActionDetailsViewController.m */ = {isa = PBXFileReference; fileEncoding = 4; lastKnownFileType = sourcecode.c.objc; name = iris_ActionDetailsViewController.m; path = Iris/iris_ActionDetailsViewController.m; sourceTree = "<group>"; };
		B5B20B73194B58D400557B90 /* InventoryAction.h */ = {isa = PBXFileReference; fileEncoding = 4; lastKnownFileType = sourcecode.c.h; name = InventoryAction.h; path = Iris/InventoryAction.h; sourceTree = "<group>"; };
		B5B20B74194B58D400557B90 /* InventoryAction.m */ = {isa = PBXFileReference; fileEncoding = 4; lastKnownFileType = sourcecode.c.objc; name = InventoryAction.m; path = Iris/InventoryAction.m; sourceTree = "<group>"; };
		B5B91EC019100D86008388D5 /* iris_ItemDetailsViewController.h */ = {isa = PBXFileReference; fileEncoding = 4; lastKnownFileType = sourcecode.c.h; name = iris_ItemDetailsViewController.h; path = Iris/iris_ItemDetailsViewController.h; sourceTree = "<group>"; };
		B5B91EC119100D86008388D5 /* iris_ItemDetailsViewController.m */ = {isa = PBXFileReference; fileEncoding = 4; lastKnownFileType = sourcecode.c.objc; name = iris_ItemDetailsViewController.m; path = Iris/iris_ItemDetailsViewController.m; sourceTree = "<group>"; };
		B5EB7CDF190952FE004FEDD2 /* Iris.app */ = {isa = PBXFileReference; explicitFileType = wrapper.application; includeInIndex = 0; path = Iris.app; sourceTree = BUILT_PRODUCTS_DIR; };
		B5EB7CE2190952FE004FEDD2 /* Foundation.framework */ = {isa = PBXFileReference; lastKnownFileType = wrapper.framework; name = Foundation.framework; path = System/Library/Frameworks/Foundation.framework; sourceTree = SDKROOT; };
		B5EB7CE4190952FE004FEDD2 /* CoreGraphics.framework */ = {isa = PBXFileReference; lastKnownFileType = wrapper.framework; name = CoreGraphics.framework; path = System/Library/Frameworks/CoreGraphics.framework; sourceTree = SDKROOT; };
		B5EB7CE6190952FE004FEDD2 /* UIKit.framework */ = {isa = PBXFileReference; lastKnownFileType = wrapper.framework; name = UIKit.framework; path = System/Library/Frameworks/UIKit.framework; sourceTree = SDKROOT; };
		B5EB7CE8190952FE004FEDD2 /* CoreData.framework */ = {isa = PBXFileReference; lastKnownFileType = wrapper.framework; name = CoreData.framework; path = System/Library/Frameworks/CoreData.framework; sourceTree = SDKROOT; };
		B5EB7CEC190952FE004FEDD2 /* Iris-Info.plist */ = {isa = PBXFileReference; lastKnownFileType = text.plist.xml; path = "Iris-Info.plist"; sourceTree = "<group>"; };
		B5EB7CEE190952FE004FEDD2 /* en */ = {isa = PBXFileReference; lastKnownFileType = text.plist.strings; name = en; path = en.lproj/InfoPlist.strings; sourceTree = "<group>"; };
		B5EB7CF0190952FE004FEDD2 /* main.m */ = {isa = PBXFileReference; lastKnownFileType = sourcecode.c.objc; path = main.m; sourceTree = "<group>"; };
		B5EB7CF2190952FE004FEDD2 /* Iris-Prefix.pch */ = {isa = PBXFileReference; lastKnownFileType = sourcecode.c.h; path = "Iris-Prefix.pch"; sourceTree = "<group>"; };
		B5EB7CF3190952FE004FEDD2 /* iris_AppDelegate.h */ = {isa = PBXFileReference; lastKnownFileType = sourcecode.c.h; path = iris_AppDelegate.h; sourceTree = "<group>"; };
		B5EB7CF4190952FE004FEDD2 /* iris_AppDelegate.m */ = {isa = PBXFileReference; lastKnownFileType = sourcecode.c.objc; path = iris_AppDelegate.m; sourceTree = "<group>"; };
		B5EB7CF7190952FE004FEDD2 /* Iris.xcdatamodel */ = {isa = PBXFileReference; lastKnownFileType = wrapper.xcdatamodel; path = Iris.xcdatamodel; sourceTree = "<group>"; };
		B5EB7CF9190952FE004FEDD2 /* Images.xcassets */ = {isa = PBXFileReference; lastKnownFileType = folder.assetcatalog; path = Images.xcassets; sourceTree = "<group>"; };
		B5EB7CFF190952FE004FEDD2 /* IrisTests.xctest */ = {isa = PBXFileReference; explicitFileType = wrapper.cfbundle; includeInIndex = 0; path = IrisTests.xctest; sourceTree = BUILT_PRODUCTS_DIR; };
		B5EB7D00190952FE004FEDD2 /* XCTest.framework */ = {isa = PBXFileReference; lastKnownFileType = wrapper.framework; name = XCTest.framework; path = Library/Frameworks/XCTest.framework; sourceTree = DEVELOPER_DIR; };
		B5EB7D09190952FE004FEDD2 /* IrisTests-Info.plist */ = {isa = PBXFileReference; lastKnownFileType = text.plist.xml; path = "IrisTests-Info.plist"; sourceTree = "<group>"; };
		B5EB7D0B190952FE004FEDD2 /* en */ = {isa = PBXFileReference; lastKnownFileType = text.plist.strings; name = en; path = en.lproj/InfoPlist.strings; sourceTree = "<group>"; };
		B5EB7D0D190952FE004FEDD2 /* IrisTests.m */ = {isa = PBXFileReference; lastKnownFileType = sourcecode.c.objc; path = IrisTests.m; sourceTree = "<group>"; };
		B5EB7D1A1909544B004FEDD2 /* iPad.storyboard */ = {isa = PBXFileReference; fileEncoding = 4; lastKnownFileType = file.storyboard; path = iPad.storyboard; sourceTree = "<group>"; };
		B5EB7D1C1909545E004FEDD2 /* iPhone.storyboard */ = {isa = PBXFileReference; fileEncoding = 4; lastKnownFileType = file.storyboard; path = iPhone.storyboard; sourceTree = "<group>"; };
		B5EB7D20190955F8004FEDD2 /* iris_MainViewController.h */ = {isa = PBXFileReference; fileEncoding = 4; lastKnownFileType = sourcecode.c.h; name = iris_MainViewController.h; path = Iris/iris_MainViewController.h; sourceTree = "<group>"; };
		B5EB7D21190955F8004FEDD2 /* iris_MainViewController.m */ = {isa = PBXFileReference; fileEncoding = 4; lastKnownFileType = sourcecode.c.objc; name = iris_MainViewController.m; path = Iris/iris_MainViewController.m; sourceTree = "<group>"; };
		B5EB7D2C190963CF004FEDD2 /* iris_InventoryTableViewController.h */ = {isa = PBXFileReference; fileEncoding = 4; lastKnownFileType = sourcecode.c.h; name = iris_InventoryTableViewController.h; path = Iris/iris_InventoryTableViewController.h; sourceTree = "<group>"; };
		B5EB7D2D190963CF004FEDD2 /* iris_InventoryTableViewController.m */ = {isa = PBXFileReference; fileEncoding = 4; lastKnownFileType = sourcecode.c.objc; name = iris_InventoryTableViewController.m; path = Iris/iris_InventoryTableViewController.m; sourceTree = "<group>"; };
		D7CC54D6192CE7DC005AFA5D /* Reachability.h */ = {isa = PBXFileReference; fileEncoding = 4; lastKnownFileType = sourcecode.c.h; path = Reachability.h; sourceTree = "<group>"; };
		D7CC54D7192CE7DC005AFA5D /* Reachability.m */ = {isa = PBXFileReference; fileEncoding = 4; lastKnownFileType = sourcecode.c.objc; path = Reachability.m; sourceTree = "<group>"; };
		D7CC54DA192CE933005AFA5D /* iris_MenuViewController.h */ = {isa = PBXFileReference; fileEncoding = 4; lastKnownFileType = sourcecode.c.h; name = iris_MenuViewController.h; path = Iris/iris_MenuViewController.h; sourceTree = "<group>"; };
		D7CC54DB192CE933005AFA5D /* iris_MenuViewController.m */ = {isa = PBXFileReference; fileEncoding = 4; lastKnownFileType = sourcecode.c.objc; name = iris_MenuViewController.m; path = Iris/iris_MenuViewController.m; sourceTree = "<group>"; };
/* End PBXFileReference section */

/* Begin PBXFrameworksBuildPhase section */
		B5EB7CDC190952FE004FEDD2 /* Frameworks */ = {
			isa = PBXFrameworksBuildPhase;
			buildActionMask = 2147483647;
			files = (
				B5EB7CE5190952FE004FEDD2 /* CoreGraphics.framework in Frameworks */,
				B5EB7CE9190952FE004FEDD2 /* CoreData.framework in Frameworks */,
				B5EB7CE7190952FE004FEDD2 /* UIKit.framework in Frameworks */,
				B5EB7CE3190952FE004FEDD2 /* Foundation.framework in Frameworks */,
			);
			runOnlyForDeploymentPostprocessing = 0;
		};
		B5EB7CFC190952FE004FEDD2 /* Frameworks */ = {
			isa = PBXFrameworksBuildPhase;
			buildActionMask = 2147483647;
			files = (
				B5EB7D01190952FE004FEDD2 /* XCTest.framework in Frameworks */,
				B5EB7D04190952FE004FEDD2 /* CoreData.framework in Frameworks */,
				B5EB7D03190952FE004FEDD2 /* UIKit.framework in Frameworks */,
				B5EB7D02190952FE004FEDD2 /* Foundation.framework in Frameworks */,
			);
			runOnlyForDeploymentPostprocessing = 0;
		};
/* End PBXFrameworksBuildPhase section */

/* Begin PBXGroup section */
		B5EB7CD6190952FE004FEDD2 = {
			isa = PBXGroup;
			children = (
				B5EB7CEA190952FE004FEDD2 /* Iris */,
				B5EB7D07190952FE004FEDD2 /* IrisTests */,
				B5EB7CE1190952FE004FEDD2 /* Frameworks */,
				B5EB7CE0190952FE004FEDD2 /* Products */,
			);
			sourceTree = "<group>";
		};
		B5EB7CE0190952FE004FEDD2 /* Products */ = {
			isa = PBXGroup;
			children = (
				B5EB7CDF190952FE004FEDD2 /* Iris.app */,
				B5EB7CFF190952FE004FEDD2 /* IrisTests.xctest */,
			);
			name = Products;
			sourceTree = "<group>";
		};
		B5EB7CE1190952FE004FEDD2 /* Frameworks */ = {
			isa = PBXGroup;
			children = (
				B516422B193E175800CB358B /* libcorecrypto.dylib */,
				B516421D193E119200CB358B /* libcommonCrypto.dylib */,
				B5EB7CE2190952FE004FEDD2 /* Foundation.framework */,
				B5EB7CE4190952FE004FEDD2 /* CoreGraphics.framework */,
				B5EB7CE6190952FE004FEDD2 /* UIKit.framework */,
				B5EB7CE8190952FE004FEDD2 /* CoreData.framework */,
				B5EB7D00190952FE004FEDD2 /* XCTest.framework */,
			);
			name = Frameworks;
			sourceTree = "<group>";
		};
		B5EB7CEA190952FE004FEDD2 /* Iris */ = {
			isa = PBXGroup;
			children = (
				B5EB7D1A1909544B004FEDD2 /* iPad.storyboard */,
				B5EB7D1C1909545E004FEDD2 /* iPhone.storyboard */,
				B5EB7CF6190952FE004FEDD2 /* Iris.xcdatamodeld */,
				B5EB7D17190953B8004FEDD2 /* Data */,
				B5EB7D18190953BE004FEDD2 /* Models */,
				B5EB7D19190953C6004FEDD2 /* Controllers */,
				D7CC54D9192CE7E6005AFA5D /* Utilities */,
				B5EB7CF3190952FE004FEDD2 /* iris_AppDelegate.h */,
				B5EB7CF4190952FE004FEDD2 /* iris_AppDelegate.m */,
				B5EB7CF9190952FE004FEDD2 /* Images.xcassets */,
				B5EB7CEB190952FE004FEDD2 /* Supporting Files */,
			);
			path = Iris;
			sourceTree = "<group>";
		};
		B5EB7CEB190952FE004FEDD2 /* Supporting Files */ = {
			isa = PBXGroup;
			children = (
				B5EB7CEC190952FE004FEDD2 /* Iris-Info.plist */,
				B5EB7CED190952FE004FEDD2 /* InfoPlist.strings */,
				B5EB7CF0190952FE004FEDD2 /* main.m */,
				B5EB7CF2190952FE004FEDD2 /* Iris-Prefix.pch */,
			);
			name = "Supporting Files";
			sourceTree = "<group>";
		};
		B5EB7D07190952FE004FEDD2 /* IrisTests */ = {
			isa = PBXGroup;
			children = (
				B5EB7D0D190952FE004FEDD2 /* IrisTests.m */,
				B5EB7D08190952FE004FEDD2 /* Supporting Files */,
			);
			path = IrisTests;
			sourceTree = "<group>";
		};
		B5EB7D08190952FE004FEDD2 /* Supporting Files */ = {
			isa = PBXGroup;
			children = (
				B5EB7D09190952FE004FEDD2 /* IrisTests-Info.plist */,
				B5EB7D0A190952FE004FEDD2 /* InfoPlist.strings */,
			);
			name = "Supporting Files";
			sourceTree = "<group>";
		};
		B5EB7D17190953B8004FEDD2 /* Data */ = {
			isa = PBXGroup;
			children = (
				B5B20B73194B58D400557B90 /* InventoryAction.h */,
				B5B20B74194B58D400557B90 /* InventoryAction.m */,
				B5ACD24C1950B93C00BF3508 /* InventoryItem.h */,
				B5ACD24D1950B93C00BF3508 /* InventoryItem.m */,
			);
			name = Data;
			path = ..;
			sourceTree = "<group>";
		};
		B5EB7D18190953BE004FEDD2 /* Models */ = {
			isa = PBXGroup;
			children = (
				B5AD4F5A1936645800217486 /* InventoryDataHandler.h */,
				B5AD4F5B1936645800217486 /* InventoryDataHandler.m */,
				B5AD4F5D193664B200217486 /* CoreDataHandler.h */,
				B5AD4F5E193664B200217486 /* CoreDataHandler.m */,
			);
			name = Models;
			path = ..;
			sourceTree = "<group>";
		};
		B5EB7D19190953C6004FEDD2 /* Controllers */ = {
			isa = PBXGroup;
			children = (
				B5EB7D2C190963CF004FEDD2 /* iris_InventoryTableViewController.h */,
				B5EB7D2D190963CF004FEDD2 /* iris_InventoryTableViewController.m */,
				B5AD4F5719361D5000217486 /* iris_InventoryActionsTableViewController.h */,
				B5AD4F5819361D5000217486 /* iris_InventoryActionsTableViewController.m */,
				B5B91EC019100D86008388D5 /* iris_ItemDetailsViewController.h */,
				B5B91EC119100D86008388D5 /* iris_ItemDetailsViewController.m */,
				B5EB7D20190955F8004FEDD2 /* iris_MainViewController.h */,
				B5EB7D21190955F8004FEDD2 /* iris_MainViewController.m */,
				D7CC54DA192CE933005AFA5D /* iris_MenuViewController.h */,
				D7CC54DB192CE933005AFA5D /* iris_MenuViewController.m */,
				B5164230193F5C3D00CB358B /* iris_NewInventoryViewController.h */,
				B5164231193F5C3D00CB358B /* iris_NewInventoryViewController.m */,
				B5B20B6D1948CA2B00557B90 /* iris_ActionDetailsViewController.h */,
				B5B20B6E1948CA2B00557B90 /* iris_ActionDetailsViewController.m */,
			);
			name = Controllers;
			path = ..;
			sourceTree = "<group>";
		};
		D7CC54D9192CE7E6005AFA5D /* Utilities */ = {
			isa = PBXGroup;
			children = (
				D7CC54D6192CE7DC005AFA5D /* Reachability.h */,
				D7CC54D7192CE7DC005AFA5D /* Reachability.m */,
				B516422D193E5D1D00CB358B /* MD5Hasher.h */,
				B516422E193E5D1D00CB358B /* MD5Hasher.m */,
			);
			name = Utilities;
			sourceTree = "<group>";
		};
/* End PBXGroup section */

/* Begin PBXNativeTarget section */
		B5EB7CDE190952FE004FEDD2 /* Iris */ = {
			isa = PBXNativeTarget;
			buildConfigurationList = B5EB7D11190952FE004FEDD2 /* Build configuration list for PBXNativeTarget "Iris" */;
			buildPhases = (
				B5EB7CDB190952FE004FEDD2 /* Sources */,
				B5EB7CDC190952FE004FEDD2 /* Frameworks */,
				B5EB7CDD190952FE004FEDD2 /* Resources */,
			);
			buildRules = (
			);
			dependencies = (
			);
			name = Iris;
			productName = Iris;
			productReference = B5EB7CDF190952FE004FEDD2 /* Iris.app */;
			productType = "com.apple.product-type.application";
		};
		B5EB7CFE190952FE004FEDD2 /* IrisTests */ = {
			isa = PBXNativeTarget;
			buildConfigurationList = B5EB7D14190952FE004FEDD2 /* Build configuration list for PBXNativeTarget "IrisTests" */;
			buildPhases = (
				B5EB7CFB190952FE004FEDD2 /* Sources */,
				B5EB7CFC190952FE004FEDD2 /* Frameworks */,
				B5EB7CFD190952FE004FEDD2 /* Resources */,
			);
			buildRules = (
			);
			dependencies = (
				B5EB7D06190952FE004FEDD2 /* PBXTargetDependency */,
			);
			name = IrisTests;
			productName = IrisTests;
			productReference = B5EB7CFF190952FE004FEDD2 /* IrisTests.xctest */;
			productType = "com.apple.product-type.bundle.unit-test";
		};
/* End PBXNativeTarget section */

/* Begin PBXProject section */
		B5EB7CD7190952FE004FEDD2 /* Project object */ = {
			isa = PBXProject;
			attributes = {
				CLASSPREFIX = iris_;
				LastUpgradeCheck = 0510;
				ORGANIZATIONNAME = claytonhomes.com;
				TargetAttributes = {
					B5EB7CFE190952FE004FEDD2 = {
						TestTargetID = B5EB7CDE190952FE004FEDD2;
					};
				};
			};
			buildConfigurationList = B5EB7CDA190952FE004FEDD2 /* Build configuration list for PBXProject "Iris" */;
			compatibilityVersion = "Xcode 3.2";
			developmentRegion = English;
			hasScannedForEncodings = 0;
			knownRegions = (
				en,
			);
			mainGroup = B5EB7CD6190952FE004FEDD2;
			productRefGroup = B5EB7CE0190952FE004FEDD2 /* Products */;
			projectDirPath = "";
			projectRoot = "";
			targets = (
				B5EB7CDE190952FE004FEDD2 /* Iris */,
				B5EB7CFE190952FE004FEDD2 /* IrisTests */,
			);
		};
/* End PBXProject section */

/* Begin PBXResourcesBuildPhase section */
		B5EB7CDD190952FE004FEDD2 /* Resources */ = {
			isa = PBXResourcesBuildPhase;
			buildActionMask = 2147483647;
			files = (
				B5EB7CEF190952FE004FEDD2 /* InfoPlist.strings in Resources */,
				B5EB7D1B1909544B004FEDD2 /* iPad.storyboard in Resources */,
				B5EB7CFA190952FE004FEDD2 /* Images.xcassets in Resources */,
				B5EB7D1D1909545E004FEDD2 /* iPhone.storyboard in Resources */,
			);
			runOnlyForDeploymentPostprocessing = 0;
		};
		B5EB7CFD190952FE004FEDD2 /* Resources */ = {
			isa = PBXResourcesBuildPhase;
			buildActionMask = 2147483647;
			files = (
				B5EB7D0C190952FE004FEDD2 /* InfoPlist.strings in Resources */,
			);
			runOnlyForDeploymentPostprocessing = 0;
		};
/* End PBXResourcesBuildPhase section */

/* Begin PBXSourcesBuildPhase section */
		B5EB7CDB190952FE004FEDD2 /* Sources */ = {
			isa = PBXSourcesBuildPhase;
			buildActionMask = 2147483647;
			files = (
				B5AD4F5F193664B200217486 /* CoreDataHandler.m in Sources */,
				B5EB7CF8190952FE004FEDD2 /* Iris.xcdatamodeld in Sources */,
				B5AD4F5919361D5000217486 /* iris_InventoryActionsTableViewController.m in Sources */,
				B5EB7CF1190952FE004FEDD2 /* main.m in Sources */,
				B5B20B75194B58D400557B90 /* InventoryAction.m in Sources */,
				B5EB7D22190955F8004FEDD2 /* iris_MainViewController.m in Sources */,
				B5AD4F5C1936645800217486 /* InventoryDataHandler.m in Sources */,
				D7CC54DC192CE933005AFA5D /* iris_MenuViewController.m in Sources */,
				B5EB7CF5190952FE004FEDD2 /* iris_AppDelegate.m in Sources */,
				B5ACD24E1950B93C00BF3508 /* InventoryItem.m in Sources */,
				B5B91EC219100D86008388D5 /* iris_ItemDetailsViewController.m in Sources */,
				B5EB7D2E190963CF004FEDD2 /* iris_InventoryTableViewController.m in Sources */,
				D7CC54D8192CE7DC005AFA5D /* Reachability.m in Sources */,
				B5164232193F5C3D00CB358B /* iris_NewInventoryViewController.m in Sources */,
				B5B20B6F1948CA2B00557B90 /* iris_ActionDetailsViewController.m in Sources */,
				B516422F193E5D1D00CB358B /* MD5Hasher.m in Sources */,
			);
			runOnlyForDeploymentPostprocessing = 0;
		};
		B5EB7CFB190952FE004FEDD2 /* Sources */ = {
			isa = PBXSourcesBuildPhase;
			buildActionMask = 2147483647;
			files = (
				B5EB7D0E190952FE004FEDD2 /* IrisTests.m in Sources */,
			);
			runOnlyForDeploymentPostprocessing = 0;
		};
/* End PBXSourcesBuildPhase section */

/* Begin PBXTargetDependency section */
		B5EB7D06190952FE004FEDD2 /* PBXTargetDependency */ = {
			isa = PBXTargetDependency;
			target = B5EB7CDE190952FE004FEDD2 /* Iris */;
			targetProxy = B5EB7D05190952FE004FEDD2 /* PBXContainerItemProxy */;
		};
/* End PBXTargetDependency section */

/* Begin PBXVariantGroup section */
		B5EB7CED190952FE004FEDD2 /* InfoPlist.strings */ = {
			isa = PBXVariantGroup;
			children = (
				B5EB7CEE190952FE004FEDD2 /* en */,
			);
			name = InfoPlist.strings;
			sourceTree = "<group>";
		};
		B5EB7D0A190952FE004FEDD2 /* InfoPlist.strings */ = {
			isa = PBXVariantGroup;
			children = (
				B5EB7D0B190952FE004FEDD2 /* en */,
			);
			name = InfoPlist.strings;
			sourceTree = "<group>";
		};
/* End PBXVariantGroup section */

/* Begin XCBuildConfiguration section */
		B5EB7D0F190952FE004FEDD2 /* Debug */ = {
			isa = XCBuildConfiguration;
			buildSettings = {
				ALWAYS_SEARCH_USER_PATHS = NO;
				CLANG_CXX_LANGUAGE_STANDARD = "gnu++0x";
				CLANG_CXX_LIBRARY = "libc++";
				CLANG_ENABLE_MODULES = YES;
				CLANG_ENABLE_OBJC_ARC = YES;
				CLANG_WARN_BOOL_CONVERSION = YES;
				CLANG_WARN_CONSTANT_CONVERSION = YES;
				CLANG_WARN_DIRECT_OBJC_ISA_USAGE = YES_ERROR;
				CLANG_WARN_EMPTY_BODY = YES;
				CLANG_WARN_ENUM_CONVERSION = YES;
				CLANG_WARN_INT_CONVERSION = YES;
				CLANG_WARN_OBJC_ROOT_CLASS = YES_ERROR;
				CLANG_WARN__DUPLICATE_METHOD_MATCH = YES;
				"CODE_SIGN_IDENTITY[sdk=iphoneos*]" = "iPhone Developer";
				COPY_PHASE_STRIP = NO;
				GCC_C_LANGUAGE_STANDARD = gnu99;
				GCC_DYNAMIC_NO_PIC = NO;
				GCC_OPTIMIZATION_LEVEL = 0;
				GCC_PREPROCESSOR_DEFINITIONS = (
					"DEBUG=1",
					"$(inherited)",
				);
				GCC_SYMBOLS_PRIVATE_EXTERN = NO;
				GCC_WARN_64_TO_32_BIT_CONVERSION = YES;
				GCC_WARN_ABOUT_RETURN_TYPE = YES_ERROR;
				GCC_WARN_UNDECLARED_SELECTOR = YES;
				GCC_WARN_UNINITIALIZED_AUTOS = YES_AGGRESSIVE;
				GCC_WARN_UNUSED_FUNCTION = YES;
				GCC_WARN_UNUSED_VARIABLE = YES;
				IPHONEOS_DEPLOYMENT_TARGET = 7.1;
				ONLY_ACTIVE_ARCH = YES;
				SDKROOT = iphoneos;
				TARGETED_DEVICE_FAMILY = "1,2";
			};
			name = Debug;
		};
		B5EB7D10190952FE004FEDD2 /* Release */ = {
			isa = XCBuildConfiguration;
			buildSettings = {
				ALWAYS_SEARCH_USER_PATHS = NO;
				CLANG_CXX_LANGUAGE_STANDARD = "gnu++0x";
				CLANG_CXX_LIBRARY = "libc++";
				CLANG_ENABLE_MODULES = YES;
				CLANG_ENABLE_OBJC_ARC = YES;
				CLANG_WARN_BOOL_CONVERSION = YES;
				CLANG_WARN_CONSTANT_CONVERSION = YES;
				CLANG_WARN_DIRECT_OBJC_ISA_USAGE = YES_ERROR;
				CLANG_WARN_EMPTY_BODY = YES;
				CLANG_WARN_ENUM_CONVERSION = YES;
				CLANG_WARN_INT_CONVERSION = YES;
				CLANG_WARN_OBJC_ROOT_CLASS = YES_ERROR;
				CLANG_WARN__DUPLICATE_METHOD_MATCH = YES;
				"CODE_SIGN_IDENTITY[sdk=iphoneos*]" = "iPhone Developer";
				COPY_PHASE_STRIP = YES;
				ENABLE_NS_ASSERTIONS = NO;
				GCC_C_LANGUAGE_STANDARD = gnu99;
				GCC_WARN_64_TO_32_BIT_CONVERSION = YES;
				GCC_WARN_ABOUT_RETURN_TYPE = YES_ERROR;
				GCC_WARN_UNDECLARED_SELECTOR = YES;
				GCC_WARN_UNINITIALIZED_AUTOS = YES_AGGRESSIVE;
				GCC_WARN_UNUSED_FUNCTION = YES;
				GCC_WARN_UNUSED_VARIABLE = YES;
				IPHONEOS_DEPLOYMENT_TARGET = 7.1;
				SDKROOT = iphoneos;
				TARGETED_DEVICE_FAMILY = "1,2";
				VALIDATE_PRODUCT = YES;
			};
			name = Release;
		};
		B5EB7D12190952FE004FEDD2 /* Debug */ = {
			isa = XCBuildConfiguration;
			buildSettings = {
				ASSETCATALOG_COMPILER_APPICON_NAME = AppIcon;
				ASSETCATALOG_COMPILER_LAUNCHIMAGE_NAME = LaunchImage;
				GCC_PRECOMPILE_PREFIX_HEADER = YES;
				GCC_PREFIX_HEADER = "Iris/Iris-Prefix.pch";
				INFOPLIST_FILE = "Iris/Iris-Info.plist";
				LIBRARY_SEARCH_PATHS = (
					"$(inherited)",
					"$(SDKROOT)/usr/lib/system",
				);
				PRODUCT_NAME = "$(TARGET_NAME)";
				WRAPPER_EXTENSION = app;
			};
			name = Debug;
		};
		B5EB7D13190952FE004FEDD2 /* Release */ = {
			isa = XCBuildConfiguration;
			buildSettings = {
				ASSETCATALOG_COMPILER_APPICON_NAME = AppIcon;
				ASSETCATALOG_COMPILER_LAUNCHIMAGE_NAME = LaunchImage;
				GCC_PRECOMPILE_PREFIX_HEADER = YES;
				GCC_PREFIX_HEADER = "Iris/Iris-Prefix.pch";
				INFOPLIST_FILE = "Iris/Iris-Info.plist";
				LIBRARY_SEARCH_PATHS = (
					"$(inherited)",
					"$(SDKROOT)/usr/lib/system",
				);
				PRODUCT_NAME = "$(TARGET_NAME)";
				WRAPPER_EXTENSION = app;
			};
			name = Release;
		};
		B5EB7D15190952FE004FEDD2 /* Debug */ = {
			isa = XCBuildConfiguration;
			buildSettings = {
				BUNDLE_LOADER = "$(BUILT_PRODUCTS_DIR)/Iris.app/Iris";
				FRAMEWORK_SEARCH_PATHS = (
					"$(SDKROOT)/Developer/Library/Frameworks",
					"$(inherited)",
					"$(DEVELOPER_FRAMEWORKS_DIR)",
				);
				GCC_PRECOMPILE_PREFIX_HEADER = YES;
				GCC_PREFIX_HEADER = "Iris/Iris-Prefix.pch";
				GCC_PREPROCESSOR_DEFINITIONS = (
					"DEBUG=1",
					"$(inherited)",
				);
				INFOPLIST_FILE = "IrisTests/IrisTests-Info.plist";
				PRODUCT_NAME = "$(TARGET_NAME)";
				TEST_HOST = "$(BUNDLE_LOADER)";
				WRAPPER_EXTENSION = xctest;
			};
			name = Debug;
		};
		B5EB7D16190952FE004FEDD2 /* Release */ = {
			isa = XCBuildConfiguration;
			buildSettings = {
				BUNDLE_LOADER = "$(BUILT_PRODUCTS_DIR)/Iris.app/Iris";
				FRAMEWORK_SEARCH_PATHS = (
					"$(SDKROOT)/Developer/Library/Frameworks",
					"$(inherited)",
					"$(DEVELOPER_FRAMEWORKS_DIR)",
				);
				GCC_PRECOMPILE_PREFIX_HEADER = YES;
				GCC_PREFIX_HEADER = "Iris/Iris-Prefix.pch";
				INFOPLIST_FILE = "IrisTests/IrisTests-Info.plist";
				PRODUCT_NAME = "$(TARGET_NAME)";
				TEST_HOST = "$(BUNDLE_LOADER)";
				WRAPPER_EXTENSION = xctest;
			};
			name = Release;
		};
/* End XCBuildConfiguration section */

/* Begin XCConfigurationList section */
		B5EB7CDA190952FE004FEDD2 /* Build configuration list for PBXProject "Iris" */ = {
			isa = XCConfigurationList;
			buildConfigurations = (
				B5EB7D0F190952FE004FEDD2 /* Debug */,
				B5EB7D10190952FE004FEDD2 /* Release */,
			);
			defaultConfigurationIsVisible = 0;
			defaultConfigurationName = Release;
		};
		B5EB7D11190952FE004FEDD2 /* Build configuration list for PBXNativeTarget "Iris" */ = {
			isa = XCConfigurationList;
			buildConfigurations = (
				B5EB7D12190952FE004FEDD2 /* Debug */,
				B5EB7D13190952FE004FEDD2 /* Release */,
			);
			defaultConfigurationIsVisible = 0;
			defaultConfigurationName = Release;
		};
		B5EB7D14190952FE004FEDD2 /* Build configuration list for PBXNativeTarget "IrisTests" */ = {
			isa = XCConfigurationList;
			buildConfigurations = (
				B5EB7D15190952FE004FEDD2 /* Debug */,
				B5EB7D16190952FE004FEDD2 /* Release */,
			);
			defaultConfigurationIsVisible = 0;
			defaultConfigurationName = Release;
		};
/* End XCConfigurationList section */

/* Begin XCVersionGroup section */
		B5EB7CF6190952FE004FEDD2 /* Iris.xcdatamodeld */ = {
			isa = XCVersionGroup;
			children = (
				B5EB7CF7190952FE004FEDD2 /* Iris.xcdatamodel */,
			);
			currentVersion = B5EB7CF7190952FE004FEDD2 /* Iris.xcdatamodel */;
			path = Iris.xcdatamodeld;
			sourceTree = "<group>";
			versionGroupType = wrapper.xcdatamodel;
		};
/* End XCVersionGroup section */
	};
	rootObject = B5EB7CD7190952FE004FEDD2 /* Project object */;
}
